// !$*UTF8*$!
{
	archiveVersion = 1;
	classes = {
	};
	objectVersion = 46;
	objects = {

/* Begin PBXBuildFile section */
		39031C5D1D0E736B00525553 /* main.m in Sources */ = {isa = PBXBuildFile; fileRef = 39031C5C1D0E736B00525553 /* main.m */; };
		39031C601D0E736B00525553 /* AppDelegate.m in Sources */ = {isa = PBXBuildFile; fileRef = 39031C5F1D0E736B00525553 /* AppDelegate.m */; };
		39031C631D0E736B00525553 /* ViewController.m in Sources */ = {isa = PBXBuildFile; fileRef = 39031C621D0E736B00525553 /* ViewController.m */; };
		39031C661D0E736B00525553 /* Main.storyboard in Resources */ = {isa = PBXBuildFile; fileRef = 39031C641D0E736B00525553 /* Main.storyboard */; };
		39031C681D0E736B00525553 /* Assets.xcassets in Resources */ = {isa = PBXBuildFile; fileRef = 39031C671D0E736B00525553 /* Assets.xcassets */; };
		39031C6B1D0E736B00525553 /* LaunchScreen.storyboard in Resources */ = {isa = PBXBuildFile; fileRef = 39031C691D0E736B00525553 /* LaunchScreen.storyboard */; };
/* End PBXBuildFile section */

/* Begin PBXFileReference section */
		39031C581D0E736B00525553 /* UIButtonEdgeAction.app */ = {isa = PBXFileReference; explicitFileType = wrapper.application; includeInIndex = 0; path = UIButtonEdgeAction.app; sourceTree = BUILT_PRODUCTS_DIR; };
		39031C5C1D0E736B00525553 /* main.m */ = {isa = PBXFileReference; lastKnownFileType = sourcecode.c.objc; path = main.m; sourceTree = "<group>"; };
		39031C5E1D0E736B00525553 /* AppDelegate.h */ = {isa = PBXFileReference; lastKnownFileType = sourcecode.c.h; path = AppDelegate.h; sourceTree = "<group>"; };
		39031C5F1D0E736B00525553 /* AppDelegate.m */ = {isa = PBXFileReference; lastKnownFileType = sourcecode.c.objc; path = AppDelegate.m; sourceTree = "<group>"; };
		39031C611D0E736B00525553 /* ViewController.h */ = {isa = PBXFileReference; lastKnownFileType = sourcecode.c.h; path = ViewController.h; sourceTree = "<group>"; };
		39031C621D0E736B00525553 /* ViewController.m */ = {isa = PBXFileReference; lastKnownFileType = sourcecode.c.objc; path = ViewController.m; sourceTree = "<group>"; };
		39031C651D0E736B00525553 /* Base */ = {isa = PBXFileReference; lastKnownFileType = file.storyboard; name = Base; path = Base.lproj/Main.storyboard; sourceTree = "<group>"; };
		39031C671D0E736B00525553 /* Assets.xcassets */ = {isa = PBXFileReference; lastKnownFileType = folder.assetcatalog; path = Assets.xcassets; sourceTree = "<group>"; };
		39031C6A1D0E736B00525553 /* Base */ = {isa = PBXFileReference; lastKnownFileType = file.storyboard; name = Base; path = Base.lproj/LaunchScreen.storyboard; sourceTree = "<group>"; };
		39031C6C1D0E736B00525553 /* Info.plist */ = {isa = PBXFileReference; lastKnownFileType = text.plist.xml; path = Info.plist; sourceTree = "<group>"; };
/* End PBXFileReference section */

/* Begin PBXFrameworksBuildPhase section */
		39031C551D0E736B00525553 /* Frameworks */ = {
			isa = PBXFrameworksBuildPhase;
			buildActionMask = 2147483647;
			files = (
			);
			runOnlyForDeploymentPostprocessing = 0;
		};
/* End PBXFrameworksBuildPhase section */

/* Begin PBXGroup section */
		39031C4F1D0E736B00525553 = {
			isa = PBXGroup;
			children = (
				39031C5A1D0E736B00525553 /* UIButtonEdgeAction */,
				39031C591D0E736B00525553 /* Products */,
			);
			sourceTree = "<group>";
		};
		39031C591D0E736B00525553 /* Products */ = {
			isa = PBXGroup;
			children = (
				39031C581D0E736B00525553 /* UIButtonEdgeAction.app */,
			);
			name = Products;
			sourceTree = "<group>";
		};
		39031C5A1D0E736B00525553 /* UIButtonEdgeAction */ = {
			isa = PBXGroup;
			children = (
				39031C5E1D0E736B00525553 /* AppDelegate.h */,
				39031C5F1D0E736B00525553 /* AppDelegate.m */,
				39031C611D0E736B00525553 /* ViewController.h */,
				39031C621D0E736B00525553 /* ViewController.m */,
				39031C641D0E736B00525553 /* Main.storyboard */,
				39031C671D0E736B00525553 /* Assets.xcassets */,
				39031C691D0E736B00525553 /* LaunchScreen.storyboard */,
				39031C6C1D0E736B00525553 /* Info.plist */,
				39031C5B1D0E736B00525553 /* Supporting Files */,
			);
			path = UIButtonEdgeAction;
			sourceTree = "<group>";
		};
		39031C5B1D0E736B00525553 /* Supporting Files */ = {
			isa = PBXGroup;
			children = (
				39031C5C1D0E736B00525553 /* main.m */,
			);
			name = "Supporting Files";
			sourceTree = "<group>";
		};
/* End PBXGroup section */

/* Begin PBXNativeTarget section */
		39031C571D0E736B00525553 /* UIButtonEdgeAction */ = {
			isa = PBXNativeTarget;
			buildConfigurationList = 39031C6F1D0E736B00525553 /* Build configuration list for PBXNativeTarget "UIButtonEdgeAction" */;
			buildPhases = (
				39031C541D0E736B00525553 /* Sources */,
				39031C551D0E736B00525553 /* Frameworks */,
				39031C561D0E736B00525553 /* Resources */,
			);
			buildRules = (
			);
			dependencies = (
			);
			name = UIButtonEdgeAction;
			productName = UIButtonEdgeAction;
			productReference = 39031C581D0E736B00525553 /* UIButtonEdgeAction.app */;
			productType = "com.apple.product-type.application";
		};
/* End PBXNativeTarget section */

/* Begin PBXProject section */
		39031C501D0E736B00525553 /* Project object */ = {
			isa = PBXProject;
			attributes = {
				LastUpgradeCheck = 0730;
				ORGANIZATIONNAME = LLH;
				TargetAttributes = {
					39031C571D0E736B00525553 = {
						CreatedOnToolsVersion = 7.3.1;
					};
				};
			};
			buildConfigurationList = 39031C531D0E736B00525553 /* Build configuration list for PBXProject "UIButtonEdgeAction" */;
			compatibilityVersion = "Xcode 3.2";
			developmentRegion = English;
			hasScannedForEncodings = 0;
			knownRegions = (
				en,
				Base,
			);
			mainGroup = 39031C4F1D0E736B00525553;
			productRefGroup = 39031C591D0E736B00525553 /* Products */;
			projectDirPath = "";
			projectRoot = "";
			targets = (
				39031C571D0E736B00525553 /* UIButtonEdgeAction */,
			);
		};
/* End PBXProject section */

/* Begin PBXResourcesBuildPhase section */
		39031C561D0E736B00525553 /* Resources */ = {
			isa = PBXResourcesBuildPhase;
			buildActionMask = 2147483647;
			files = (
				39031C6B1D0E736B00525553 /* LaunchScreen.storyboard in Resources */,
				39031C681D0E736B00525553 /* Assets.xcassets in Resources */,
				39031C661D0E736B00525553 /* Main.storyboard in Resources */,
			);
			runOnlyForDeploymentPostprocessing = 0;
		};
/* End PBXResourcesBuildPhase section */

/* Begin PBXSourcesBuildPhase section */
		39031C541D0E736B00525553 /* Sources */ = {
			isa = PBXSourcesBuildPhase;
			buildActionMask = 2147483647;
			files = (
				39031C631D0E736B00525553 /* ViewController.m in Sources */,
				39031C601D0E736B00525553 /* AppDelegate.m in Sources */,
				39031C5D1D0E736B00525553 /* main.m in Sources */,
			);
			runOnlyForDeploymentPostprocessing = 0;
		};
/* End PBXSourcesBuildPhase section */

/* Begin PBXVariantGroup section */
		39031C641D0E736B00525553 /* Main.storyboard */ = {
			isa = PBXVariantGroup;
			children = (
				39031C651D0E736B00525553 /* Base */,
			);
			name = Main.storyboard;
			sourceTree = "<group>";
		};
		39031C691D0E736B00525553 /* LaunchScreen.storyboard */ = {
			isa = PBXVariantGroup;
			children = (
				39031C6A1D0E736B00525553 /* Base */,
			);
			name = LaunchScreen.storyboard;
			sourceTree = "<group>";
		};
/* End PBXVariantGroup section */

/* Begin XCBuildConfiguration section */
		39031C6D1D0E736B00525553 /* Debug */ = {
			isa = XCBuildConfiguration;
			buildSettings = {
				ALWAYS_SEARCH_USER_PATHS = NO;
				CLANG_ANALYZER_NONNULL = YES;
				CLANG_CXX_LANGUAGE_STANDARD = "gnu++0x";
				CLANG_CXX_LIBRARY = "libc++";
				CLANG_ENABLE_MODULES = YES;
				CLANG_ENABLE_OBJC_ARC = YES;
				CLANG_WARN_BOOL_CONVERSION = YES;
				CLANG_WARN_CONSTANT_CONVERSION = YES;
				CLANG_WARN_DIRECT_OBJC_ISA_USAGE = YES_ERROR;
				CLANG_WARN_EMPTY_BODY = YES;
				CLANG_WARN_ENUM_CONVERSION = YES;
				CLANG_WARN_INT_CONVERSION = YES;
				CLANG_WARN_OBJC_ROOT_CLASS = YES_ERROR;
				CLANG_WARN_UNREACHABLE_CODE = YES;
				CLANG_WARN__DUPLICATE_METHOD_MATCH = YES;
				"CODE_SIGN_IDENTITY[sdk=iphoneos*]" = "iPhone Developer";
				COPY_PHASE_STRIP = NO;
				DEBUG_INFORMATION_FORMAT = dwarf;
				ENABLE_STRICT_OBJC_MSGSEND = YES;
				ENABLE_TESTABILITY = YES;
				GCC_C_LANGUAGE_STANDARD = gnu99;
				GCC_DYNAMIC_NO_PIC = NO;
				GCC_NO_COMMON_BLOCKS = YES;
				GCC_OPTIMIZATION_LEVEL = 0;
				GCC_PREPROCESSOR_DEFINITIONS = (
					"DEBUG=1",
					"$(inherited)",
				);
				GCC_WARN_64_TO_32_BIT_CONVERSION = YES;
				GCC_WARN_ABOUT_RETURN_TYPE = YES_ERROR;
				GCC_WARN_UNDECLARED_SELECTOR = YES;
				GCC_WARN_UNINITIALIZED_AUTOS = YES_AGGRESSIVE;
				GCC_WARN_UNUSED_FUNCTION = YES;
				GCC_WARN_UNUSED_VARIABLE = YES;
				IPHONEOS_DEPLOYMENT_TARGET = 9.3;
				MTL_ENABLE_DEBUG_INFO = YES;
				ONLY_ACTIVE_ARCH = YES;
				SDKROOT = iphoneos;
				TARGETED_DEVICE_FAMILY = "1,2";
			};
			name = Debug;
		};
		39031C6E1D0E736B00525553 /* Release */ = {
			isa = XCBuildConfiguration;
			buildSettings = {
				ALWAYS_SEARCH_USER_PATHS = NO;
				CLANG_ANALYZER_NONNULL = YES;
				CLANG_CXX_LANGUAGE_STANDARD = "gnu++0x";
				CLANG_CXX_LIBRARY = "libc++";
				CLANG_ENABLE_MODULES = YES;
				CLANG_ENABLE_OBJC_ARC = YES;
				CLANG_WARN_BOOL_CONVERSION = YES;
				CLANG_WARN_CONSTANT_CONVERSION = YES;
				CLANG_WARN_DIRECT_OBJC_ISA_USAGE = YES_ERROR;
				CLANG_WARN_EMPTY_BODY = YES;
				CLANG_WARN_ENUM_CONVERSION = YES;
				CLANG_WARN_INT_CONVERSION = YES;
				CLANG_WARN_OBJC_ROOT_CLASS = YES_ERROR;
				CLANG_WARN_UNREACHABLE_CODE = YES;
				CLANG_WARN__DUPLICATE_METHOD_MATCH = YES;
				"CODE_SIGN_IDENTITY[sdk=iphoneos*]" = "iPhone Developer";
				COPY_PHASE_STRIP = NO;
				DEBUG_INFORMATION_FORMAT = "dwarf-with-dsym";
				ENABLE_NS_ASSERTIONS = NO;
				ENABLE_STRICT_OBJC_MSGSEND = YES;
				GCC_C_LANGUAGE_STANDARD = gnu99;
				GCC_NO_COMMON_BLOCKS = YES;
				GCC_WARN_64_TO_32_BIT_CONVERSION = YES;
				GCC_WARN_ABOUT_RETURN_TYPE = YES_ERROR;
				GCC_WARN_UNDECLARED_SELECTOR = YES;
				GCC_WARN_UNINITIALIZED_AUTOS = YES_AGGRESSIVE;
				GCC_WARN_UNUSED_FUNCTION = YES;
				GCC_WARN_UNUSED_VARIABLE = YES;
				IPHONEOS_DEPLOYMENT_TARGET = 9.3;
				MTL_ENABLE_DEBUG_INFO = NO;
				SDKROOT = iphoneos;
				TARGETED_DEVICE_FAMILY = "1,2";
				VALIDATE_PRODUCT = YES;
			};
			name = Release;
		};
		39031C701D0E736B00525553 /* Debug */ = {
			isa = XCBuildConfiguration;
			buildSettings = {
				ASSETCATALOG_COMPILER_APPICON_NAME = AppIcon;
				INFOPLIST_FILE = UIButtonEdgeAction/Info.plist;
				LD_RUNPATH_SEARCH_PATHS = "$(inherited) @executable_path/Frameworks";
				PRODUCT_BUNDLE_IDENTIFIER = llh.com.UIButtonEdgeAction;
				PRODUCT_NAME = "$(TARGET_NAME)";
			};
			name = Debug;
		};
		39031C711D0E736B00525553 /* Release */ = {
			isa = XCBuildConfiguration;
			buildSettings = {
				ASSETCATALOG_COMPILER_APPICON_NAME = AppIcon;
				INFOPLIST_FILE = UIButtonEdgeAction/Info.plist;
				LD_RUNPATH_SEARCH_PATHS = "$(inherited) @executable_path/Frameworks";
				PRODUCT_BUNDLE_IDENTIFIER = llh.com.UIButtonEdgeAction;
				PRODUCT_NAME = "$(TARGET_NAME)";
			};
			name = Release;
		};
/* End XCBuildConfiguration section */

/* Begin XCConfigurationList section */
		39031C531D0E736B00525553 /* Build configuration list for PBXProject "UIButtonEdgeAction" */ = {
			isa = XCConfigurationList;
			buildConfigurations = (
				39031C6D1D0E736B00525553 /* Debug */,
				39031C6E1D0E736B00525553 /* Release */,
			);
			defaultConfigurationIsVisible = 0;
			defaultConfigurationName = Release;
		};
		39031C6F1D0E736B00525553 /* Build configuration list for PBXNativeTarget "UIButtonEdgeAction" */ = {
			isa = XCConfigurationList;
			buildConfigurations = (
				39031C701D0E736B00525553 /* Debug */,
				39031C711D0E736B00525553 /* Release */,
			);
			defaultConfigurationIsVisible = 0;
		};
/* End XCConfigurationList section */
	};
	rootObject = 39031C501D0E736B00525553 /* Project object */;
}
